<?xml version="1.0" encoding="utf-8"?>
<Project ToolsVersion="4.0" xmlns="http://schemas.microsoft.com/developer/msbuild/2003">
  <ItemGroup>
    <Filter Include="Gameplay">
      <UniqueIdentifier>{D5936B32-C160-C63D-EA79-B4E5D6A5FBCB}</UniqueIdentifier>
    </Filter>
    <Filter Include="Scene">
      <UniqueIdentifier>{B3F7140E-1F0C-3DBF-E88D-E01E546139F0}</UniqueIdentifier>
    </Filter>
    <Filter Include="Scene\Components">
      <UniqueIdentifier>{E8C60300-D4BF-2252-FDF1-07D7E949025E}</UniqueIdentifier>
    </Filter>
  </ItemGroup>
  <ItemGroup>
    <ClInclude Include="src\Game.h" />
    <ClInclude Include="src\GameObjectGame.h" />
    <ClInclude Include="src\GameSettings.h" />
    <ClInclude Include="src\Gameplay\Player.h">
      <Filter>Gameplay</Filter>
    </ClInclude>
    <ClInclude Include="src\Scene\Components\ChunkLoaderComponent.h">
      <Filter>Scene\Components</Filter>
    </ClInclude>
    <ClInclude Include="src\Scene\Components\ChunkRenderComponent.h">
      <Filter>Scene\Components</Filter>
    </ClInclude>
    <ClInclude Include="src\Scene\Components\ColliderComponent.h">
      <Filter>Scene\Components</Filter>
    </ClInclude>
    <ClInclude Include="src\Scene\Components\Components.h">
      <Filter>Scene\Components</Filter>
    </ClInclude>
    <ClInclude Include="src\Scene\Components\RenderComponent.h">
      <Filter>Scene\Components</Filter>
    </ClInclude>
    <ClInclude Include="src\Scene\Components\ScriptComponent.h">
      <Filter>Scene\Components</Filter>
    </ClInclude>
    <ClInclude Include="src\Scene\Components\TransformComponent.h">
      <Filter>Scene\Components</Filter>
    </ClInclude>
    <ClInclude Include="src\Scene\GameObject.h">
      <Filter>Scene</Filter>
    </ClInclude>
    <ClInclude Include="src\Scene\IComponent.h">
      <Filter>Scene</Filter>
    </ClInclude>
    <ClInclude Include="src\Scene\Scene.h">
      <Filter>Scene</Filter>
    </ClInclude>
    <ClInclude Include="src\Scene\Script.h">
      <Filter>Scene</Filter>
    </ClInclude>
  </ItemGroup>
  <ItemGroup>
    <ClCompile Include="src\Game.cpp" />
    <ClCompile Include="src\GameObjectGame.cpp" />
    <ClCompile Include="src\Gameplay\Player.cpp">
      <Filter>Gameplay</Filter>
    </ClCompile>
    <ClCompile Include="src\Main.cpp" />
    <ClCompile Include="src\Scene\Components\ChunkLoaderComponent.cpp">
      <Filter>Scene\Components</Filter>
    </ClCompile>
    <ClCompile Include="src\Scene\Components\ChunkRenderComponent.cpp">
      <Filter>Scene\Components</Filter>
    </ClCompile>
    <ClCompile Include="src\Scene\Components\ColliderComponent.cpp">
      <Filter>Scene\Components</Filter>
    </ClCompile>
    <ClCompile Include="src\Scene\Components\RenderComponent.cpp">
      <Filter>Scene\Components</Filter>
    </ClCompile>
    <ClCompile Include="src\Scene\Components\ScriptComponent.cpp">
      <Filter>Scene\Components</Filter>
    </ClCompile>
    <ClCompile Include="src\Scene\Components\TransformComponent.cpp">
      <Filter>Scene\Components</Filter>
    </ClCompile>
    <ClCompile Include="src\Scene\GameObject.cpp">
      <Filter>Scene</Filter>
    </ClCompile>
    <ClCompile Include="src\Scene\Scene.cpp">
      <Filter>Scene</Filter>
    </ClCompile>
    <ClCompile Include="src\Scene\Script.cpp">
      <Filter>Scene</Filter>
    </ClCompile>
  </ItemGroup>
</Project>